// !$*UTF8*$!
{
	archiveVersion = 1;
	classes = {
	};
	objectVersion = 50;
	objects = {

/* Begin PBXBuildFile section */
		A388E19E23D20AC70088658C /* AppDelegate.swift in Sources */ = {isa = PBXBuildFile; fileRef = A388E19D23D20AC70088658C /* AppDelegate.swift */; };
		A388E1A023D20AC70088658C /* SceneDelegate.swift in Sources */ = {isa = PBXBuildFile; fileRef = A388E19F23D20AC70088658C /* SceneDelegate.swift */; };
		A388E1A723D20AC80088658C /* Assets.xcassets in Resources */ = {isa = PBXBuildFile; fileRef = A388E1A623D20AC80088658C /* Assets.xcassets */; };
		A388E1AA23D20AC80088658C /* LaunchScreen.storyboard in Resources */ = {isa = PBXBuildFile; fileRef = A388E1A823D20AC80088658C /* LaunchScreen.storyboard */; };
		A388E1B523D20AC80088658C /* AssessmentsTests.swift in Sources */ = {isa = PBXBuildFile; fileRef = A388E1B423D20AC80088658C /* AssessmentsTests.swift */; };
		A388E1C023D20AC80088658C /* AssessmentsUITests.swift in Sources */ = {isa = PBXBuildFile; fileRef = A388E1BF23D20AC80088658C /* AssessmentsUITests.swift */; };
		A388E1D323D20B780088658C /* AppConstant.swift in Sources */ = {isa = PBXBuildFile; fileRef = A388E1D223D20B780088658C /* AppConstant.swift */; };
		A388E1D523D20BCE0088658C /* ContactsVC.swift in Sources */ = {isa = PBXBuildFile; fileRef = A388E1D423D20BCE0088658C /* ContactsVC.swift */; };
		A388E1D723D20BF90088658C /* ContactListViewModel.swift in Sources */ = {isa = PBXBuildFile; fileRef = A388E1D623D20BF90088658C /* ContactListViewModel.swift */; };
		A388E1D923D20C0C0088658C /* Contact.swift in Sources */ = {isa = PBXBuildFile; fileRef = A388E1D823D20C0C0088658C /* Contact.swift */; };
		A388E1DB23D20C2D0088658C /* UIView+Ext.swift in Sources */ = {isa = PBXBuildFile; fileRef = A388E1DA23D20C2D0088658C /* UIView+Ext.swift */; };
		A388E1DE23D2103D0088658C /* data.json in Resources */ = {isa = PBXBuildFile; fileRef = A388E1DD23D2103D0088658C /* data.json */; };
		A388E1E123D215680088658C /* ContactCell.swift in Sources */ = {isa = PBXBuildFile; fileRef = A388E1E023D215680088658C /* ContactCell.swift */; };
		A388E1E323D21FC00088658C /* ColorExtension.swift in Sources */ = {isa = PBXBuildFile; fileRef = A388E1E223D21FC00088658C /* ColorExtension.swift */; };
		A388E1E623D225330088658C /* ContactDetailsVC.xib in Resources */ = {isa = PBXBuildFile; fileRef = A388E1E423D225330088658C /* ContactDetailsVC.xib */; };
		A388E1E723D225330088658C /* ContactDetailsVC.swift in Sources */ = {isa = PBXBuildFile; fileRef = A388E1E523D225330088658C /* ContactDetailsVC.swift */; };
		A388E1EB23D32A990088658C /* ContactViewModel.swift in Sources */ = {isa = PBXBuildFile; fileRef = A388E1EA23D32A990088658C /* ContactViewModel.swift */; };
/* End PBXBuildFile section */

/* Begin PBXContainerItemProxy section */
		A388E1B123D20AC80088658C /* PBXContainerItemProxy */ = {
			isa = PBXContainerItemProxy;
			containerPortal = A388E19223D20AC70088658C /* Project object */;
			proxyType = 1;
			remoteGlobalIDString = A388E19923D20AC70088658C;
			remoteInfo = Assessments;
		};
		A388E1BC23D20AC80088658C /* PBXContainerItemProxy */ = {
			isa = PBXContainerItemProxy;
			containerPortal = A388E19223D20AC70088658C /* Project object */;
			proxyType = 1;
			remoteGlobalIDString = A388E19923D20AC70088658C;
			remoteInfo = Assessments;
		};
/* End PBXContainerItemProxy section */

/* Begin PBXFileReference section */
		A388E19A23D20AC70088658C /* Assessments.app */ = {isa = PBXFileReference; explicitFileType = wrapper.application; includeInIndex = 0; path = Assessments.app; sourceTree = BUILT_PRODUCTS_DIR; };
		A388E19D23D20AC70088658C /* AppDelegate.swift */ = {isa = PBXFileReference; lastKnownFileType = sourcecode.swift; path = AppDelegate.swift; sourceTree = "<group>"; };
		A388E19F23D20AC70088658C /* SceneDelegate.swift */ = {isa = PBXFileReference; lastKnownFileType = sourcecode.swift; path = SceneDelegate.swift; sourceTree = "<group>"; };
		A388E1A623D20AC80088658C /* Assets.xcassets */ = {isa = PBXFileReference; lastKnownFileType = folder.assetcatalog; path = Assets.xcassets; sourceTree = "<group>"; };
		A388E1A923D20AC80088658C /* Base */ = {isa = PBXFileReference; lastKnownFileType = file.storyboard; name = Base; path = Base.lproj/LaunchScreen.storyboard; sourceTree = "<group>"; };
		A388E1AB23D20AC80088658C /* Info.plist */ = {isa = PBXFileReference; lastKnownFileType = text.plist.xml; path = Info.plist; sourceTree = "<group>"; };
		A388E1B023D20AC80088658C /* AssessmentsTests.xctest */ = {isa = PBXFileReference; explicitFileType = wrapper.cfbundle; includeInIndex = 0; path = AssessmentsTests.xctest; sourceTree = BUILT_PRODUCTS_DIR; };
		A388E1B423D20AC80088658C /* AssessmentsTests.swift */ = {isa = PBXFileReference; lastKnownFileType = sourcecode.swift; path = AssessmentsTests.swift; sourceTree = "<group>"; };
		A388E1B623D20AC80088658C /* Info.plist */ = {isa = PBXFileReference; lastKnownFileType = text.plist.xml; path = Info.plist; sourceTree = "<group>"; };
		A388E1BB23D20AC80088658C /* AssessmentsUITests.xctest */ = {isa = PBXFileReference; explicitFileType = wrapper.cfbundle; includeInIndex = 0; path = AssessmentsUITests.xctest; sourceTree = BUILT_PRODUCTS_DIR; };
		A388E1BF23D20AC80088658C /* AssessmentsUITests.swift */ = {isa = PBXFileReference; lastKnownFileType = sourcecode.swift; path = AssessmentsUITests.swift; sourceTree = "<group>"; };
		A388E1C123D20AC80088658C /* Info.plist */ = {isa = PBXFileReference; lastKnownFileType = text.plist.xml; path = Info.plist; sourceTree = "<group>"; };
		A388E1D223D20B780088658C /* AppConstant.swift */ = {isa = PBXFileReference; lastKnownFileType = sourcecode.swift; path = AppConstant.swift; sourceTree = "<group>"; };
		A388E1D423D20BCE0088658C /* ContactsVC.swift */ = {isa = PBXFileReference; lastKnownFileType = sourcecode.swift; path = ContactsVC.swift; sourceTree = "<group>"; };
		A388E1D623D20BF90088658C /* ContactListViewModel.swift */ = {isa = PBXFileReference; lastKnownFileType = sourcecode.swift; path = ContactListViewModel.swift; sourceTree = "<group>"; };
		A388E1D823D20C0C0088658C /* Contact.swift */ = {isa = PBXFileReference; lastKnownFileType = sourcecode.swift; path = Contact.swift; sourceTree = "<group>"; };
		A388E1DA23D20C2D0088658C /* UIView+Ext.swift */ = {isa = PBXFileReference; lastKnownFileType = sourcecode.swift; path = "UIView+Ext.swift"; sourceTree = "<group>"; };
		A388E1DD23D2103D0088658C /* data.json */ = {isa = PBXFileReference; fileEncoding = 4; lastKnownFileType = text.json; name = data.json; path = Assessments/data.json; sourceTree = SOURCE_ROOT; };
		A388E1E023D215680088658C /* ContactCell.swift */ = {isa = PBXFileReference; lastKnownFileType = sourcecode.swift; path = ContactCell.swift; sourceTree = "<group>"; };
		A388E1E223D21FC00088658C /* ColorExtension.swift */ = {isa = PBXFileReference; lastKnownFileType = sourcecode.swift; path = ColorExtension.swift; sourceTree = "<group>"; };
		A388E1E423D225330088658C /* ContactDetailsVC.xib */ = {isa = PBXFileReference; fileEncoding = 4; lastKnownFileType = file.xib; path = ContactDetailsVC.xib; sourceTree = "<group>"; };
		A388E1E523D225330088658C /* ContactDetailsVC.swift */ = {isa = PBXFileReference; fileEncoding = 4; lastKnownFileType = sourcecode.swift; path = ContactDetailsVC.swift; sourceTree = "<group>"; };
		A388E1EA23D32A990088658C /* ContactViewModel.swift */ = {isa = PBXFileReference; lastKnownFileType = sourcecode.swift; path = ContactViewModel.swift; sourceTree = "<group>"; };
/* End PBXFileReference section */

/* Begin PBXFrameworksBuildPhase section */
		A388E19723D20AC70088658C /* Frameworks */ = {
			isa = PBXFrameworksBuildPhase;
			buildActionMask = 2147483647;
			files = (
			);
			runOnlyForDeploymentPostprocessing = 0;
		};
		A388E1AD23D20AC80088658C /* Frameworks */ = {
			isa = PBXFrameworksBuildPhase;
			buildActionMask = 2147483647;
			files = (
			);
			runOnlyForDeploymentPostprocessing = 0;
		};
		A388E1B823D20AC80088658C /* Frameworks */ = {
			isa = PBXFrameworksBuildPhase;
			buildActionMask = 2147483647;
			files = (
			);
			runOnlyForDeploymentPostprocessing = 0;
		};
/* End PBXFrameworksBuildPhase section */

/* Begin PBXGroup section */
		A388E19123D20AC70088658C = {
			isa = PBXGroup;
			children = (
				A388E19C23D20AC70088658C /* Assessments */,
				A388E1B323D20AC80088658C /* AssessmentsTests */,
				A388E1BE23D20AC80088658C /* AssessmentsUITests */,
				A388E19B23D20AC70088658C /* Products */,
			);
			sourceTree = "<group>";
		};
		A388E19B23D20AC70088658C /* Products */ = {
			isa = PBXGroup;
			children = (
				A388E19A23D20AC70088658C /* Assessments.app */,
				A388E1B023D20AC80088658C /* AssessmentsTests.xctest */,
				A388E1BB23D20AC80088658C /* AssessmentsUITests.xctest */,
			);
			name = Products;
			sourceTree = "<group>";
		};
		A388E19C23D20AC70088658C /* Assessments */ = {
			isa = PBXGroup;
			children = (
				A388E1DC23D210260088658C /* JsonFile */,
				A388E1D123D20B670088658C /* AppConstant */,
				A388E1D023D20B5D0088658C /* Extension */,
				A388E1CF23D20B550088658C /* View */,
				A388E1CE23D20B460088658C /* ViewModel */,
				A388E1CD23D20B3C0088658C /* Model */,
				A388E19D23D20AC70088658C /* AppDelegate.swift */,
				A388E19F23D20AC70088658C /* SceneDelegate.swift */,
				A388E1A623D20AC80088658C /* Assets.xcassets */,
				A388E1A823D20AC80088658C /* LaunchScreen.storyboard */,
				A388E1AB23D20AC80088658C /* Info.plist */,
			);
			path = Assessments;
			sourceTree = "<group>";
		};
		A388E1B323D20AC80088658C /* AssessmentsTests */ = {
			isa = PBXGroup;
			children = (
				A388E1B423D20AC80088658C /* AssessmentsTests.swift */,
				A388E1B623D20AC80088658C /* Info.plist */,
			);
			path = AssessmentsTests;
			sourceTree = "<group>";
		};
		A388E1BE23D20AC80088658C /* AssessmentsUITests */ = {
			isa = PBXGroup;
			children = (
				A388E1BF23D20AC80088658C /* AssessmentsUITests.swift */,
				A388E1C123D20AC80088658C /* Info.plist */,
			);
			path = AssessmentsUITests;
			sourceTree = "<group>";
		};
		A388E1CD23D20B3C0088658C /* Model */ = {
			isa = PBXGroup;
			children = (
				A388E1D823D20C0C0088658C /* Contact.swift */,
			);
			path = Model;
			sourceTree = "<group>";
		};
		A388E1CE23D20B460088658C /* ViewModel */ = {
			isa = PBXGroup;
			children = (
				A388E1D623D20BF90088658C /* ContactListViewModel.swift */,
				A388E1EA23D32A990088658C /* ContactViewModel.swift */,
			);
			path = ViewModel;
			sourceTree = "<group>";
		};
		A388E1CF23D20B550088658C /* View */ = {
			isa = PBXGroup;
			children = (
				A388E1DF23D2153D0088658C /* Cell */,
				A388E1D423D20BCE0088658C /* ContactsVC.swift */,
				A388E1E523D225330088658C /* ContactDetailsVC.swift */,
				A388E1E423D225330088658C /* ContactDetailsVC.xib */,
			);
			path = View;
			sourceTree = "<group>";
		};
		A388E1D023D20B5D0088658C /* Extension */ = {
			isa = PBXGroup;
			children = (
				A388E1DA23D20C2D0088658C /* UIView+Ext.swift */,
				A388E1E223D21FC00088658C /* ColorExtension.swift */,
			);
			path = Extension;
			sourceTree = "<group>";
		};
		A388E1D123D20B670088658C /* AppConstant */ = {
			isa = PBXGroup;
			children = (
				A388E1D223D20B780088658C /* AppConstant.swift */,
			);
			path = AppConstant;
			sourceTree = "<group>";
		};
		A388E1DC23D210260088658C /* JsonFile */ = {
			isa = PBXGroup;
			children = (
				A388E1DD23D2103D0088658C /* data.json */,
			);
			path = JsonFile;
			sourceTree = "<group>";
		};
		A388E1DF23D2153D0088658C /* Cell */ = {
			isa = PBXGroup;
			children = (
				A388E1E023D215680088658C /* ContactCell.swift */,
			);
			path = Cell;
			sourceTree = "<group>";
		};
/* End PBXGroup section */

/* Begin PBXNativeTarget section */
		A388E19923D20AC70088658C /* Assessments */ = {
			isa = PBXNativeTarget;
			buildConfigurationList = A388E1C423D20AC80088658C /* Build configuration list for PBXNativeTarget "Assessments" */;
			buildPhases = (
				A388E19623D20AC70088658C /* Sources */,
				A388E19723D20AC70088658C /* Frameworks */,
				A388E19823D20AC70088658C /* Resources */,
			);
			buildRules = (
			);
			dependencies = (
			);
			name = Assessments;
			productName = Assessments;
			productReference = A388E19A23D20AC70088658C /* Assessments.app */;
			productType = "com.apple.product-type.application";
		};
		A388E1AF23D20AC80088658C /* AssessmentsTests */ = {
			isa = PBXNativeTarget;
			buildConfigurationList = A388E1C723D20AC80088658C /* Build configuration list for PBXNativeTarget "AssessmentsTests" */;
			buildPhases = (
				A388E1AC23D20AC80088658C /* Sources */,
				A388E1AD23D20AC80088658C /* Frameworks */,
				A388E1AE23D20AC80088658C /* Resources */,
			);
			buildRules = (
			);
			dependencies = (
				A388E1B223D20AC80088658C /* PBXTargetDependency */,
			);
			name = AssessmentsTests;
			productName = AssessmentsTests;
			productReference = A388E1B023D20AC80088658C /* AssessmentsTests.xctest */;
			productType = "com.apple.product-type.bundle.unit-test";
		};
		A388E1BA23D20AC80088658C /* AssessmentsUITests */ = {
			isa = PBXNativeTarget;
			buildConfigurationList = A388E1CA23D20AC80088658C /* Build configuration list for PBXNativeTarget "AssessmentsUITests" */;
			buildPhases = (
				A388E1B723D20AC80088658C /* Sources */,
				A388E1B823D20AC80088658C /* Frameworks */,
				A388E1B923D20AC80088658C /* Resources */,
			);
			buildRules = (
			);
			dependencies = (
				A388E1BD23D20AC80088658C /* PBXTargetDependency */,
			);
			name = AssessmentsUITests;
			productName = AssessmentsUITests;
			productReference = A388E1BB23D20AC80088658C /* AssessmentsUITests.xctest */;
			productType = "com.apple.product-type.bundle.ui-testing";
		};
/* End PBXNativeTarget section */

/* Begin PBXProject section */
		A388E19223D20AC70088658C /* Project object */ = {
			isa = PBXProject;
			attributes = {
				LastSwiftUpdateCheck = 1110;
				LastUpgradeCheck = 1110;
				ORGANIZATIONNAME = "Kai Xuan";
				TargetAttributes = {
					A388E19923D20AC70088658C = {
						CreatedOnToolsVersion = 11.1;
					};
					A388E1AF23D20AC80088658C = {
						CreatedOnToolsVersion = 11.1;
						TestTargetID = A388E19923D20AC70088658C;
					};
					A388E1BA23D20AC80088658C = {
						CreatedOnToolsVersion = 11.1;
						TestTargetID = A388E19923D20AC70088658C;
					};
				};
			};
			buildConfigurationList = A388E19523D20AC70088658C /* Build configuration list for PBXProject "Assessments" */;
			compatibilityVersion = "Xcode 9.3";
			developmentRegion = en;
			hasScannedForEncodings = 0;
			knownRegions = (
				en,
				Base,
			);
			mainGroup = A388E19123D20AC70088658C;
			productRefGroup = A388E19B23D20AC70088658C /* Products */;
			projectDirPath = "";
			projectRoot = "";
			targets = (
				A388E19923D20AC70088658C /* Assessments */,
				A388E1AF23D20AC80088658C /* AssessmentsTests */,
				A388E1BA23D20AC80088658C /* AssessmentsUITests */,
			);
		};
/* End PBXProject section */

/* Begin PBXResourcesBuildPhase section */
		A388E19823D20AC70088658C /* Resources */ = {
			isa = PBXResourcesBuildPhase;
			buildActionMask = 2147483647;
			files = (
				A388E1E623D225330088658C /* ContactDetailsVC.xib in Resources */,
				A388E1AA23D20AC80088658C /* LaunchScreen.storyboard in Resources */,
				A388E1DE23D2103D0088658C /* data.json in Resources */,
				A388E1A723D20AC80088658C /* Assets.xcassets in Resources */,
			);
			runOnlyForDeploymentPostprocessing = 0;
		};
		A388E1AE23D20AC80088658C /* Resources */ = {
			isa = PBXResourcesBuildPhase;
			buildActionMask = 2147483647;
			files = (
			);
			runOnlyForDeploymentPostprocessing = 0;
		};
		A388E1B923D20AC80088658C /* Resources */ = {
			isa = PBXResourcesBuildPhase;
			buildActionMask = 2147483647;
			files = (
			);
			runOnlyForDeploymentPostprocessing = 0;
		};
/* End PBXResourcesBuildPhase section */

/* Begin PBXSourcesBuildPhase section */
		A388E19623D20AC70088658C /* Sources */ = {
			isa = PBXSourcesBuildPhase;
			buildActionMask = 2147483647;
			files = (
				A388E1E723D225330088658C /* ContactDetailsVC.swift in Sources */,
				A388E1EB23D32A990088658C /* ContactViewModel.swift in Sources */,
				A388E1E123D215680088658C /* ContactCell.swift in Sources */,
				A388E1D923D20C0C0088658C /* Contact.swift in Sources */,
				A388E19E23D20AC70088658C /* AppDelegate.swift in Sources */,
				A388E1E323D21FC00088658C /* ColorExtension.swift in Sources */,
				A388E1D323D20B780088658C /* AppConstant.swift in Sources */,
				A388E1D723D20BF90088658C /* ContactListViewModel.swift in Sources */,
				A388E1DB23D20C2D0088658C /* UIView+Ext.swift in Sources */,
				A388E1A023D20AC70088658C /* SceneDelegate.swift in Sources */,
				A388E1D523D20BCE0088658C /* ContactsVC.swift in Sources */,
			);
			runOnlyForDeploymentPostprocessing = 0;
		};
		A388E1AC23D20AC80088658C /* Sources */ = {
			isa = PBXSourcesBuildPhase;
			buildActionMask = 2147483647;
			files = (
				A388E1B523D20AC80088658C /* AssessmentsTests.swift in Sources */,
			);
			runOnlyForDeploymentPostprocessing = 0;
		};
		A388E1B723D20AC80088658C /* Sources */ = {
			isa = PBXSourcesBuildPhase;
			buildActionMask = 2147483647;
			files = (
				A388E1C023D20AC80088658C /* AssessmentsUITests.swift in Sources */,
			);
			runOnlyForDeploymentPostprocessing = 0;
		};
/* End PBXSourcesBuildPhase section */

/* Begin PBXTargetDependency section */
		A388E1B223D20AC80088658C /* PBXTargetDependency */ = {
			isa = PBXTargetDependency;
			target = A388E19923D20AC70088658C /* Assessments */;
			targetProxy = A388E1B123D20AC80088658C /* PBXContainerItemProxy */;
		};
		A388E1BD23D20AC80088658C /* PBXTargetDependency */ = {
			isa = PBXTargetDependency;
			target = A388E19923D20AC70088658C /* Assessments */;
			targetProxy = A388E1BC23D20AC80088658C /* PBXContainerItemProxy */;
		};
/* End PBXTargetDependency section */

/* Begin PBXVariantGroup section */
		A388E1A823D20AC80088658C /* LaunchScreen.storyboard */ = {
			isa = PBXVariantGroup;
			children = (
				A388E1A923D20AC80088658C /* Base */,
			);
			name = LaunchScreen.storyboard;
			sourceTree = "<group>";
		};
/* End PBXVariantGroup section */

/* Begin XCBuildConfiguration section */
		A388E1C223D20AC80088658C /* Debug */ = {
			isa = XCBuildConfiguration;
			buildSettings = {
				ALWAYS_SEARCH_USER_PATHS = NO;
				CLANG_ANALYZER_NONNULL = YES;
				CLANG_ANALYZER_NUMBER_OBJECT_CONVERSION = YES_AGGRESSIVE;
				CLANG_CXX_LANGUAGE_STANDARD = "gnu++14";
				CLANG_CXX_LIBRARY = "libc++";
				CLANG_ENABLE_MODULES = YES;
				CLANG_ENABLE_OBJC_ARC = YES;
				CLANG_ENABLE_OBJC_WEAK = YES;
				CLANG_WARN_BLOCK_CAPTURE_AUTORELEASING = YES;
				CLANG_WARN_BOOL_CONVERSION = YES;
				CLANG_WARN_COMMA = YES;
				CLANG_WARN_CONSTANT_CONVERSION = YES;
				CLANG_WARN_DEPRECATED_OBJC_IMPLEMENTATIONS = YES;
				CLANG_WARN_DIRECT_OBJC_ISA_USAGE = YES_ERROR;
				CLANG_WARN_DOCUMENTATION_COMMENTS = YES;
				CLANG_WARN_EMPTY_BODY = YES;
				CLANG_WARN_ENUM_CONVERSION = YES;
				CLANG_WARN_INFINITE_RECURSION = YES;
				CLANG_WARN_INT_CONVERSION = YES;
				CLANG_WARN_NON_LITERAL_NULL_CONVERSION = YES;
				CLANG_WARN_OBJC_IMPLICIT_RETAIN_SELF = YES;
				CLANG_WARN_OBJC_LITERAL_CONVERSION = YES;
				CLANG_WARN_OBJC_ROOT_CLASS = YES_ERROR;
				CLANG_WARN_RANGE_LOOP_ANALYSIS = YES;
				CLANG_WARN_STRICT_PROTOTYPES = YES;
				CLANG_WARN_SUSPICIOUS_MOVE = YES;
				CLANG_WARN_UNGUARDED_AVAILABILITY = YES_AGGRESSIVE;
				CLANG_WARN_UNREACHABLE_CODE = YES;
				CLANG_WARN__DUPLICATE_METHOD_MATCH = YES;
				COPY_PHASE_STRIP = NO;
				DEBUG_INFORMATION_FORMAT = dwarf;
				ENABLE_STRICT_OBJC_MSGSEND = YES;
				ENABLE_TESTABILITY = YES;
				GCC_C_LANGUAGE_STANDARD = gnu11;
				GCC_DYNAMIC_NO_PIC = NO;
				GCC_NO_COMMON_BLOCKS = YES;
				GCC_OPTIMIZATION_LEVEL = 0;
				GCC_PREPROCESSOR_DEFINITIONS = (
					"DEBUG=1",
					"$(inherited)",
				);
				GCC_WARN_64_TO_32_BIT_CONVERSION = YES;
				GCC_WARN_ABOUT_RETURN_TYPE = YES_ERROR;
				GCC_WARN_UNDECLARED_SELECTOR = YES;
				GCC_WARN_UNINITIALIZED_AUTOS = YES_AGGRESSIVE;
				GCC_WARN_UNUSED_FUNCTION = YES;
				GCC_WARN_UNUSED_VARIABLE = YES;
				IPHONEOS_DEPLOYMENT_TARGET = 13.1;
				MTL_ENABLE_DEBUG_INFO = INCLUDE_SOURCE;
				MTL_FAST_MATH = YES;
				ONLY_ACTIVE_ARCH = YES;
				SDKROOT = iphoneos;
				SWIFT_ACTIVE_COMPILATION_CONDITIONS = DEBUG;
				SWIFT_OPTIMIZATION_LEVEL = "-Onone";
			};
			name = Debug;
		};
		A388E1C323D20AC80088658C /* Release */ = {
			isa = XCBuildConfiguration;
			buildSettings = {
				ALWAYS_SEARCH_USER_PATHS = NO;
				CLANG_ANALYZER_NONNULL = YES;
				CLANG_ANALYZER_NUMBER_OBJECT_CONVERSION = YES_AGGRESSIVE;
				CLANG_CXX_LANGUAGE_STANDARD = "gnu++14";
				CLANG_CXX_LIBRARY = "libc++";
				CLANG_ENABLE_MODULES = YES;
				CLANG_ENABLE_OBJC_ARC = YES;
				CLANG_ENABLE_OBJC_WEAK = YES;
				CLANG_WARN_BLOCK_CAPTURE_AUTORELEASING = YES;
				CLANG_WARN_BOOL_CONVERSION = YES;
				CLANG_WARN_COMMA = YES;
				CLANG_WARN_CONSTANT_CONVERSION = YES;
				CLANG_WARN_DEPRECATED_OBJC_IMPLEMENTATIONS = YES;
				CLANG_WARN_DIRECT_OBJC_ISA_USAGE = YES_ERROR;
				CLANG_WARN_DOCUMENTATION_COMMENTS = YES;
				CLANG_WARN_EMPTY_BODY = YES;
				CLANG_WARN_ENUM_CONVERSION = YES;
				CLANG_WARN_INFINITE_RECURSION = YES;
				CLANG_WARN_INT_CONVERSION = YES;
				CLANG_WARN_NON_LITERAL_NULL_CONVERSION = YES;
				CLANG_WARN_OBJC_IMPLICIT_RETAIN_SELF = YES;
				CLANG_WARN_OBJC_LITERAL_CONVERSION = YES;
				CLANG_WARN_OBJC_ROOT_CLASS = YES_ERROR;
				CLANG_WARN_RANGE_LOOP_ANALYSIS = YES;
				CLANG_WARN_STRICT_PROTOTYPES = YES;
				CLANG_WARN_SUSPICIOUS_MOVE = YES;
				CLANG_WARN_UNGUARDED_AVAILABILITY = YES_AGGRESSIVE;
				CLANG_WARN_UNREACHABLE_CODE = YES;
				CLANG_WARN__DUPLICATE_METHOD_MATCH = YES;
				COPY_PHASE_STRIP = NO;
				DEBUG_INFORMATION_FORMAT = "dwarf-with-dsym";
				ENABLE_NS_ASSERTIONS = NO;
				ENABLE_STRICT_OBJC_MSGSEND = YES;
				GCC_C_LANGUAGE_STANDARD = gnu11;
				GCC_NO_COMMON_BLOCKS = YES;
				GCC_WARN_64_TO_32_BIT_CONVERSION = YES;
				GCC_WARN_ABOUT_RETURN_TYPE = YES_ERROR;
				GCC_WARN_UNDECLARED_SELECTOR = YES;
				GCC_WARN_UNINITIALIZED_AUTOS = YES_AGGRESSIVE;
				GCC_WARN_UNUSED_FUNCTION = YES;
				GCC_WARN_UNUSED_VARIABLE = YES;
				IPHONEOS_DEPLOYMENT_TARGET = 13.1;
				MTL_ENABLE_DEBUG_INFO = NO;
				MTL_FAST_MATH = YES;
				SDKROOT = iphoneos;
				SWIFT_COMPILATION_MODE = wholemodule;
				SWIFT_OPTIMIZATION_LEVEL = "-O";
				VALIDATE_PRODUCT = YES;
			};
			name = Release;
		};
		A388E1C523D20AC80088658C /* Debug */ = {
			isa = XCBuildConfiguration;
			buildSettings = {
				ASSETCATALOG_COMPILER_APPICON_NAME = AppIcon;
				CODE_SIGN_STYLE = Automatic;
				DEVELOPMENT_TEAM = 3G45HK2Q43;
				INFOPLIST_FILE = Assessments/Info.plist;
				LD_RUNPATH_SEARCH_PATHS = (
					"$(inherited)",
					"@executable_path/Frameworks",
				);
				PRODUCT_BUNDLE_IDENTIFIER = com.kx..Assessments;
				PRODUCT_NAME = "$(TARGET_NAME)";
				SWIFT_VERSION = 5.0;
				TARGETED_DEVICE_FAMILY = "1,2";
			};
			name = Debug;
		};
		A388E1C623D20AC80088658C /* Release */ = {
			isa = XCBuildConfiguration;
			buildSettings = {
				ASSETCATALOG_COMPILER_APPICON_NAME = AppIcon;
				CODE_SIGN_STYLE = Automatic;
				DEVELOPMENT_TEAM = 3G45HK2Q43;
				INFOPLIST_FILE = Assessments/Info.plist;
				LD_RUNPATH_SEARCH_PATHS = (
					"$(inherited)",
					"@executable_path/Frameworks",
				);
				PRODUCT_BUNDLE_IDENTIFIER = com.kx..Assessments;
				PRODUCT_NAME = "$(TARGET_NAME)";
				SWIFT_VERSION = 5.0;
				TARGETED_DEVICE_FAMILY = "1,2";
			};
			name = Release;
		};
		A388E1C823D20AC80088658C /* Debug */ = {
			isa = XCBuildConfiguration;
			buildSettings = {
				ALWAYS_EMBED_SWIFT_STANDARD_LIBRARIES = YES;
				BUNDLE_LOADER = "$(TEST_HOST)";
				CODE_SIGN_STYLE = Automatic;
				DEVELOPMENT_TEAM = 3G45HK2Q43;
				INFOPLIST_FILE = AssessmentsTests/Info.plist;
				IPHONEOS_DEPLOYMENT_TARGET = 13.1;
				LD_RUNPATH_SEARCH_PATHS = (
					"$(inherited)",
					"@executable_path/Frameworks",
					"@loader_path/Frameworks",
				);
				PRODUCT_BUNDLE_IDENTIFIER = com.kx..AssessmentsTests;
				PRODUCT_NAME = "$(TARGET_NAME)";
				SWIFT_VERSION = 5.0;
				TARGETED_DEVICE_FAMILY = "1,2";
				TEST_HOST = "$(BUILT_PRODUCTS_DIR)/Assessments.app/Assessments";
			};
			name = Debug;
		};
		A388E1C923D20AC80088658C /* Release */ = {
			isa = XCBuildConfiguration;
			buildSettings = {
				ALWAYS_EMBED_SWIFT_STANDARD_LIBRARIES = YES;
				BUNDLE_LOADER = "$(TEST_HOST)";
				CODE_SIGN_STYLE = Automatic;
				DEVELOPMENT_TEAM = 3G45HK2Q43;
				INFOPLIST_FILE = AssessmentsTests/Info.plist;
				IPHONEOS_DEPLOYMENT_TARGET = 13.1;
				LD_RUNPATH_SEARCH_PATHS = (
					"$(inherited)",
					"@executable_path/Frameworks",
					"@loader_path/Frameworks",
				);
				PRODUCT_BUNDLE_IDENTIFIER = com.kx..AssessmentsTests;
				PRODUCT_NAME = "$(TARGET_NAME)";
				SWIFT_VERSION = 5.0;
				TARGETED_DEVICE_FAMILY = "1,2";
				TEST_HOST = "$(BUILT_PRODUCTS_DIR)/Assessments.app/Assessments";
			};
			name = Release;
		};
		A388E1CB23D20AC80088658C /* Debug */ = {
			isa = XCBuildConfiguration;
			buildSettings = {
				ALWAYS_EMBED_SWIFT_STANDARD_LIBRARIES = YES;
				CODE_SIGN_STYLE = Automatic;
				DEVELOPMENT_TEAM = 3G45HK2Q43;
				INFOPLIST_FILE = AssessmentsUITests/Info.plist;
				LD_RUNPATH_SEARCH_PATHS = (
					"$(inherited)",
					"@executable_path/Frameworks",
					"@loader_path/Frameworks",
				);
				PRODUCT_BUNDLE_IDENTIFIER = com.kx..AssessmentsUITests;
				PRODUCT_NAME = "$(TARGET_NAME)";
				SWIFT_VERSION = 5.0;
				TARGETED_DEVICE_FAMILY = "1,2";
				TEST_TARGET_NAME = Assessments;
			};
			name = Debug;
		};
		A388E1CC23D20AC80088658C /* Release */ = {
			isa = XCBuildConfiguration;
			buildSettings = {
				ALWAYS_EMBED_SWIFT_STANDARD_LIBRARIES = YES;
				CODE_SIGN_STYLE = Automatic;
				DEVELOPMENT_TEAM = 3G45HK2Q43;
				INFOPLIST_FILE = AssessmentsUITests/Info.plist;
				LD_RUNPATH_SEARCH_PATHS = (
					"$(inherited)",
					"@executable_path/Frameworks",
					"@loader_path/Frameworks",
				);
				PRODUCT_BUNDLE_IDENTIFIER = com.kx..AssessmentsUITests;
				PRODUCT_NAME = "$(TARGET_NAME)";
				SWIFT_VERSION = 5.0;
				TARGETED_DEVICE_FAMILY = "1,2";
				TEST_TARGET_NAME = Assessments;
			};
			name = Release;
		};
/* End XCBuildConfiguration section */

/* Begin XCConfigurationList section */
		A388E19523D20AC70088658C /* Build configuration list for PBXProject "Assessments" */ = {
			isa = XCConfigurationList;
			buildConfigurations = (
				A388E1C223D20AC80088658C /* Debug */,
				A388E1C323D20AC80088658C /* Release */,
			);
			defaultConfigurationIsVisible = 0;
			defaultConfigurationName = Release;
		};
		A388E1C423D20AC80088658C /* Build configuration list for PBXNativeTarget "Assessments" */ = {
			isa = XCConfigurationList;
			buildConfigurations = (
				A388E1C523D20AC80088658C /* Debug */,
				A388E1C623D20AC80088658C /* Release */,
			);
			defaultConfigurationIsVisible = 0;
			defaultConfigurationName = Release;
		};
		A388E1C723D20AC80088658C /* Build configuration list for PBXNativeTarget "AssessmentsTests" */ = {
			isa = XCConfigurationList;
			buildConfigurations = (
				A388E1C823D20AC80088658C /* Debug */,
				A388E1C923D20AC80088658C /* Release */,
			);
			defaultConfigurationIsVisible = 0;
			defaultConfigurationName = Release;
		};
		A388E1CA23D20AC80088658C /* Build configuration list for PBXNativeTarget "AssessmentsUITests" */ = {
			isa = XCConfigurationList;
			buildConfigurations = (
				A388E1CB23D20AC80088658C /* Debug */,
				A388E1CC23D20AC80088658C /* Release */,
			);
			defaultConfigurationIsVisible = 0;
			defaultConfigurationName = Release;
		};
/* End XCConfigurationList section */
	};
	rootObject = A388E19223D20AC70088658C /* Project object */;
}
